
Microsoft Visual Studio Solution File, Format Version 12.00
# Visual Studio 15
VisualStudioVersion = 15.0.28010.2026
MinimumVisualStudioVersion = 10.0.40219.1
Project("{FAE04EC0-301F-11D3-BF4B-00C04F79EFBC}") = "Seis.Android", "Seis\Seis.Android\Seis.Android.csproj", "{F5F5E40C-735F-490E-838B-C3E044B8FF72}"
EndProject
Project("{FAE04EC0-301F-11D3-BF4B-00C04F79EFBC}") = "Seis.iOS", "Seis\Seis.iOS\Seis.iOS.csproj", "{AA83AD6D-0FDD-4ED1-B4E4-9BA81A3FF933}"
EndProject
Project("{FAE04EC0-301F-11D3-BF4B-00C04F79EFBC}") = "Seis.UWP", "Seis\Seis.UWP\Seis.UWP.csproj", "{52554F39-8605-4F07-ABBE-E488E7D90B12}"
EndProject
Project("{9A19103F-16F7-4668-BE54-9A1E7A4F7556}") = "Seis", "Seis\Seis\Seis.csproj", "{8E01728A-0F4B-421B-9476-5CB8C26B635C}"
EndProject
Project("{FAE04EC0-301F-11D3-BF4B-00C04F79EFBC}") = "Seis.Backend", "Seis.Backend\Seis.Backend.csproj", "{58B5F8BD-7B3C-457D-9826-6C76D25C4F02}"
EndProject
Project("{FAE04EC0-301F-11D3-BF4B-00C04F79EFBC}") = "Seis.API", "Seis.API\Seis.API.csproj", "{82EFA657-2EAB-4C99-BA8C-B33E74AE23A1}"
EndProject
Project("{FAE04EC0-301F-11D3-BF4B-00C04F79EFBC}") = "Seis.Domain", "Seis.Domain\Seis.Domain.csproj", "{249EE444-4D22-4CBF-ADF9-C20843F79596}"
EndProject
Project("{FAE04EC0-301F-11D3-BF4B-00C04F79EFBC}") = "Seis.Common", "Seis.Common\Seis.Common.csproj", "{5E613A5E-A208-4C2A-9944-DBA31ECFA0DA}"
EndProject
Global
	GlobalSection(SolutionConfigurationPlatforms) = preSolution
		Ad-Hoc|Any CPU = Ad-Hoc|Any CPU
		Ad-Hoc|ARM = Ad-Hoc|ARM
		Ad-Hoc|iPhone = Ad-Hoc|iPhone
		Ad-Hoc|iPhoneSimulator = Ad-Hoc|iPhoneSimulator
		Ad-Hoc|x64 = Ad-Hoc|x64
		Ad-Hoc|x86 = Ad-Hoc|x86
		AppStore|Any CPU = AppStore|Any CPU
		AppStore|ARM = AppStore|ARM
		AppStore|iPhone = AppStore|iPhone
		AppStore|iPhoneSimulator = AppStore|iPhoneSimulator
		AppStore|x64 = AppStore|x64
		AppStore|x86 = AppStore|x86
		Debug|Any CPU = Debug|Any CPU
		Debug|ARM = Debug|ARM
		Debug|iPhone = Debug|iPhone
		Debug|iPhoneSimulator = Debug|iPhoneSimulator
		Debug|x64 = Debug|x64
		Debug|x86 = Debug|x86
		Release|Any CPU = Release|Any CPU
		Release|ARM = Release|ARM
		Release|iPhone = Release|iPhone
		Release|iPhoneSimulator = Release|iPhoneSimulator
		Release|x64 = Release|x64
		Release|x86 = Release|x86
	EndGlobalSection
	GlobalSection(ProjectConfigurationPlatforms) = postSolution
		{F5F5E40C-735F-490E-838B-C3E044B8FF72}.Ad-Hoc|Any CPU.ActiveCfg = Release|Any CPU
		{F5F5E40C-735F-490E-838B-C3E044B8FF72}.Ad-Hoc|Any CPU.Build.0 = Release|Any CPU
		{F5F5E40C-735F-490E-838B-C3E044B8FF72}.Ad-Hoc|Any CPU.Deploy.0 = Release|Any CPU
		{F5F5E40C-735F-490E-838B-C3E044B8FF72}.Ad-Hoc|ARM.ActiveCfg = Release|Any CPU
		{F5F5E40C-735F-490E-838B-C3E044B8FF72}.Ad-Hoc|ARM.Build.0 = Release|Any CPU
		{F5F5E40C-735F-490E-838B-C3E044B8FF72}.Ad-Hoc|ARM.Deploy.0 = Release|Any CPU
		{F5F5E40C-735F-490E-838B-C3E044B8FF72}.Ad-Hoc|iPhone.ActiveCfg = Release|Any CPU
		{F5F5E40C-735F-490E-838B-C3E044B8FF72}.Ad-Hoc|iPhone.Build.0 = Release|Any CPU
		{F5F5E40C-735F-490E-838B-C3E044B8FF72}.Ad-Hoc|iPhone.Deploy.0 = Release|Any CPU
		{F5F5E40C-735F-490E-838B-C3E044B8FF72}.Ad-Hoc|iPhoneSimulator.ActiveCfg = Release|Any CPU
		{F5F5E40C-735F-490E-838B-C3E044B8FF72}.Ad-Hoc|iPhoneSimulator.Build.0 = Release|Any CPU
		{F5F5E40C-735F-490E-838B-C3E044B8FF72}.Ad-Hoc|iPhoneSimulator.Deploy.0 = Release|Any CPU
		{F5F5E40C-735F-490E-838B-C3E044B8FF72}.Ad-Hoc|x64.ActiveCfg = Release|Any CPU
		{F5F5E40C-735F-490E-838B-C3E044B8FF72}.Ad-Hoc|x64.Build.0 = Release|Any CPU
		{F5F5E40C-735F-490E-838B-C3E044B8FF72}.Ad-Hoc|x64.Deploy.0 = Release|Any CPU
		{F5F5E40C-735F-490E-838B-C3E044B8FF72}.Ad-Hoc|x86.ActiveCfg = Release|Any CPU
		{F5F5E40C-735F-490E-838B-C3E044B8FF72}.Ad-Hoc|x86.Build.0 = Release|Any CPU
		{F5F5E40C-735F-490E-838B-C3E044B8FF72}.Ad-Hoc|x86.Deploy.0 = Release|Any CPU
		{F5F5E40C-735F-490E-838B-C3E044B8FF72}.AppStore|Any CPU.ActiveCfg = Release|Any CPU
		{F5F5E40C-735F-490E-838B-C3E044B8FF72}.AppStore|Any CPU.Build.0 = Release|Any CPU
		{F5F5E40C-735F-490E-838B-C3E044B8FF72}.AppStore|Any CPU.Deploy.0 = Release|Any CPU
		{F5F5E40C-735F-490E-838B-C3E044B8FF72}.AppStore|ARM.ActiveCfg = Release|Any CPU
		{F5F5E40C-735F-490E-838B-C3E044B8FF72}.AppStore|ARM.Build.0 = Release|Any CPU
		{F5F5E40C-735F-490E-838B-C3E044B8FF72}.AppStore|ARM.Deploy.0 = Release|Any CPU
		{F5F5E40C-735F-490E-838B-C3E044B8FF72}.AppStore|iPhone.ActiveCfg = Release|Any CPU
		{F5F5E40C-735F-490E-838B-C3E044B8FF72}.AppStore|iPhone.Build.0 = Release|Any CPU
		{F5F5E40C-735F-490E-838B-C3E044B8FF72}.AppStore|iPhone.Deploy.0 = Release|Any CPU
		{F5F5E40C-735F-490E-838B-C3E044B8FF72}.AppStore|iPhoneSimulator.ActiveCfg = Release|Any CPU
		{F5F5E40C-735F-490E-838B-C3E044B8FF72}.AppStore|iPhoneSimulator.Build.0 = Release|Any CPU
		{F5F5E40C-735F-490E-838B-C3E044B8FF72}.AppStore|iPhoneSimulator.Deploy.0 = Release|Any CPU
		{F5F5E40C-735F-490E-838B-C3E044B8FF72}.AppStore|x64.ActiveCfg = Release|Any CPU
		{F5F5E40C-735F-490E-838B-C3E044B8FF72}.AppStore|x64.Build.0 = Release|Any CPU
		{F5F5E40C-735F-490E-838B-C3E044B8FF72}.AppStore|x64.Deploy.0 = Release|Any CPU
		{F5F5E40C-735F-490E-838B-C3E044B8FF72}.AppStore|x86.ActiveCfg = Release|Any CPU
		{F5F5E40C-735F-490E-838B-C3E044B8FF72}.AppStore|x86.Build.0 = Release|Any CPU
		{F5F5E40C-735F-490E-838B-C3E044B8FF72}.AppStore|x86.Deploy.0 = Release|Any CPU
		{F5F5E40C-735F-490E-838B-C3E044B8FF72}.Debug|Any CPU.ActiveCfg = Debug|Any CPU
		{F5F5E40C-735F-490E-838B-C3E044B8FF72}.Debug|Any CPU.Build.0 = Debug|Any CPU
		{F5F5E40C-735F-490E-838B-C3E044B8FF72}.Debug|Any CPU.Deploy.0 = Debug|Any CPU
		{F5F5E40C-735F-490E-838B-C3E044B8FF72}.Debug|ARM.ActiveCfg = Debug|Any CPU
		{F5F5E40C-735F-490E-838B-C3E044B8FF72}.Debug|ARM.Build.0 = Debug|Any CPU
		{F5F5E40C-735F-490E-838B-C3E044B8FF72}.Debug|ARM.Deploy.0 = Debug|Any CPU
		{F5F5E40C-735F-490E-838B-C3E044B8FF72}.Debug|iPhone.ActiveCfg = Debug|Any CPU
		{F5F5E40C-735F-490E-838B-C3E044B8FF72}.Debug|iPhone.Build.0 = Debug|Any CPU
		{F5F5E40C-735F-490E-838B-C3E044B8FF72}.Debug|iPhone.Deploy.0 = Debug|Any CPU
		{F5F5E40C-735F-490E-838B-C3E044B8FF72}.Debug|iPhoneSimulator.ActiveCfg = Debug|Any CPU
		{F5F5E40C-735F-490E-838B-C3E044B8FF72}.Debug|iPhoneSimulator.Build.0 = Debug|Any CPU
		{F5F5E40C-735F-490E-838B-C3E044B8FF72}.Debug|iPhoneSimulator.Deploy.0 = Debug|Any CPU
		{F5F5E40C-735F-490E-838B-C3E044B8FF72}.Debug|x64.ActiveCfg = Debug|Any CPU
		{F5F5E40C-735F-490E-838B-C3E044B8FF72}.Debug|x64.Build.0 = Debug|Any CPU
		{F5F5E40C-735F-490E-838B-C3E044B8FF72}.Debug|x64.Deploy.0 = Debug|Any CPU
		{F5F5E40C-735F-490E-838B-C3E044B8FF72}.Debug|x86.ActiveCfg = Debug|Any CPU
		{F5F5E40C-735F-490E-838B-C3E044B8FF72}.Debug|x86.Build.0 = Debug|Any CPU
		{F5F5E40C-735F-490E-838B-C3E044B8FF72}.Debug|x86.Deploy.0 = Debug|Any CPU
		{F5F5E40C-735F-490E-838B-C3E044B8FF72}.Release|Any CPU.ActiveCfg = Release|Any CPU
		{F5F5E40C-735F-490E-838B-C3E044B8FF72}.Release|Any CPU.Build.0 = Release|Any CPU
		{F5F5E40C-735F-490E-838B-C3E044B8FF72}.Release|Any CPU.Deploy.0 = Release|Any CPU
		{F5F5E40C-735F-490E-838B-C3E044B8FF72}.Release|ARM.ActiveCfg = Release|Any CPU
		{F5F5E40C-735F-490E-838B-C3E044B8FF72}.Release|ARM.Build.0 = Release|Any CPU
		{F5F5E40C-735F-490E-838B-C3E044B8FF72}.Release|ARM.Deploy.0 = Release|Any CPU
		{F5F5E40C-735F-490E-838B-C3E044B8FF72}.Release|iPhone.ActiveCfg = Release|Any CPU
		{F5F5E40C-735F-490E-838B-C3E044B8FF72}.Release|iPhone.Build.0 = Release|Any CPU
		{F5F5E40C-735F-490E-838B-C3E044B8FF72}.Release|iPhone.Deploy.0 = Release|Any CPU
		{F5F5E40C-735F-490E-838B-C3E044B8FF72}.Release|iPhoneSimulator.ActiveCfg = Release|Any CPU
		{F5F5E40C-735F-490E-838B-C3E044B8FF72}.Release|iPhoneSimulator.Build.0 = Release|Any CPU
		{F5F5E40C-735F-490E-838B-C3E044B8FF72}.Release|iPhoneSimulator.Deploy.0 = Release|Any CPU
		{F5F5E40C-735F-490E-838B-C3E044B8FF72}.Release|x64.ActiveCfg = Release|Any CPU
		{F5F5E40C-735F-490E-838B-C3E044B8FF72}.Release|x64.Build.0 = Release|Any CPU
		{F5F5E40C-735F-490E-838B-C3E044B8FF72}.Release|x64.Deploy.0 = Release|Any CPU
		{F5F5E40C-735F-490E-838B-C3E044B8FF72}.Release|x86.ActiveCfg = Release|Any CPU
		{F5F5E40C-735F-490E-838B-C3E044B8FF72}.Release|x86.Build.0 = Release|Any CPU
		{F5F5E40C-735F-490E-838B-C3E044B8FF72}.Release|x86.Deploy.0 = Release|Any CPU
		{AA83AD6D-0FDD-4ED1-B4E4-9BA81A3FF933}.Ad-Hoc|Any CPU.ActiveCfg = Ad-Hoc|iPhone
		{AA83AD6D-0FDD-4ED1-B4E4-9BA81A3FF933}.Ad-Hoc|Any CPU.Build.0 = Ad-Hoc|iPhone
		{AA83AD6D-0FDD-4ED1-B4E4-9BA81A3FF933}.Ad-Hoc|Any CPU.Deploy.0 = Ad-Hoc|iPhone
		{AA83AD6D-0FDD-4ED1-B4E4-9BA81A3FF933}.Ad-Hoc|ARM.ActiveCfg = Ad-Hoc|iPhone
		{AA83AD6D-0FDD-4ED1-B4E4-9BA81A3FF933}.Ad-Hoc|ARM.Build.0 = Ad-Hoc|iPhone
		{AA83AD6D-0FDD-4ED1-B4E4-9BA81A3FF933}.Ad-Hoc|ARM.Deploy.0 = Ad-Hoc|iPhone
		{AA83AD6D-0FDD-4ED1-B4E4-9BA81A3FF933}.Ad-Hoc|iPhone.ActiveCfg = Ad-Hoc|iPhone
		{AA83AD6D-0FDD-4ED1-B4E4-9BA81A3FF933}.Ad-Hoc|iPhone.Build.0 = Ad-Hoc|iPhone
		{AA83AD6D-0FDD-4ED1-B4E4-9BA81A3FF933}.Ad-Hoc|iPhone.Deploy.0 = Ad-Hoc|iPhone
		{AA83AD6D-0FDD-4ED1-B4E4-9BA81A3FF933}.Ad-Hoc|iPhoneSimulator.ActiveCfg = Ad-Hoc|iPhoneSimulator
		{AA83AD6D-0FDD-4ED1-B4E4-9BA81A3FF933}.Ad-Hoc|iPhoneSimulator.Build.0 = Ad-Hoc|iPhoneSimulator
		{AA83AD6D-0FDD-4ED1-B4E4-9BA81A3FF933}.Ad-Hoc|iPhoneSimulator.Deploy.0 = Ad-Hoc|iPhoneSimulator
		{AA83AD6D-0FDD-4ED1-B4E4-9BA81A3FF933}.Ad-Hoc|x64.ActiveCfg = Ad-Hoc|iPhone
		{AA83AD6D-0FDD-4ED1-B4E4-9BA81A3FF933}.Ad-Hoc|x64.Build.0 = Ad-Hoc|iPhone
		{AA83AD6D-0FDD-4ED1-B4E4-9BA81A3FF933}.Ad-Hoc|x64.Deploy.0 = Ad-Hoc|iPhone
		{AA83AD6D-0FDD-4ED1-B4E4-9BA81A3FF933}.Ad-Hoc|x86.ActiveCfg = Ad-Hoc|iPhone
		{AA83AD6D-0FDD-4ED1-B4E4-9BA81A3FF933}.Ad-Hoc|x86.Build.0 = Ad-Hoc|iPhone
		{AA83AD6D-0FDD-4ED1-B4E4-9BA81A3FF933}.Ad-Hoc|x86.Deploy.0 = Ad-Hoc|iPhone
		{AA83AD6D-0FDD-4ED1-B4E4-9BA81A3FF933}.AppStore|Any CPU.ActiveCfg = AppStore|iPhone
		{AA83AD6D-0FDD-4ED1-B4E4-9BA81A3FF933}.AppStore|Any CPU.Build.0 = AppStore|iPhone
		{AA83AD6D-0FDD-4ED1-B4E4-9BA81A3FF933}.AppStore|Any CPU.Deploy.0 = AppStore|iPhone
		{AA83AD6D-0FDD-4ED1-B4E4-9BA81A3FF933}.AppStore|ARM.ActiveCfg = AppStore|iPhone
		{AA83AD6D-0FDD-4ED1-B4E4-9BA81A3FF933}.AppStore|ARM.Build.0 = AppStore|iPhone
		{AA83AD6D-0FDD-4ED1-B4E4-9BA81A3FF933}.AppStore|ARM.Deploy.0 = AppStore|iPhone
		{AA83AD6D-0FDD-4ED1-B4E4-9BA81A3FF933}.AppStore|iPhone.ActiveCfg = AppStore|iPhone
		{AA83AD6D-0FDD-4ED1-B4E4-9BA81A3FF933}.AppStore|iPhone.Build.0 = AppStore|iPhone
		{AA83AD6D-0FDD-4ED1-B4E4-9BA81A3FF933}.AppStore|iPhone.Deploy.0 = AppStore|iPhone
		{AA83AD6D-0FDD-4ED1-B4E4-9BA81A3FF933}.AppStore|iPhoneSimulator.ActiveCfg = AppStore|iPhoneSimulator
		{AA83AD6D-0FDD-4ED1-B4E4-9BA81A3FF933}.AppStore|iPhoneSimulator.Build.0 = AppStore|iPhoneSimulator
		{AA83AD6D-0FDD-4ED1-B4E4-9BA81A3FF933}.AppStore|iPhoneSimulator.Deploy.0 = AppStore|iPhoneSimulator
		{AA83AD6D-0FDD-4ED1-B4E4-9BA81A3FF933}.AppStore|x64.ActiveCfg = AppStore|iPhone
		{AA83AD6D-0FDD-4ED1-B4E4-9BA81A3FF933}.AppStore|x64.Build.0 = AppStore|iPhone
		{AA83AD6D-0FDD-4ED1-B4E4-9BA81A3FF933}.AppStore|x64.Deploy.0 = AppStore|iPhone
		{AA83AD6D-0FDD-4ED1-B4E4-9BA81A3FF933}.AppStore|x86.ActiveCfg = AppStore|iPhone
		{AA83AD6D-0FDD-4ED1-B4E4-9BA81A3FF933}.AppStore|x86.Build.0 = AppStore|iPhone
		{AA83AD6D-0FDD-4ED1-B4E4-9BA81A3FF933}.AppStore|x86.Deploy.0 = AppStore|iPhone
		{AA83AD6D-0FDD-4ED1-B4E4-9BA81A3FF933}.Debug|Any CPU.ActiveCfg = Debug|iPhoneSimulator
		{AA83AD6D-0FDD-4ED1-B4E4-9BA81A3FF933}.Debug|Any CPU.Build.0 = Debug|iPhoneSimulator
		{AA83AD6D-0FDD-4ED1-B4E4-9BA81A3FF933}.Debug|Any CPU.Deploy.0 = Debug|iPhoneSimulator
		{AA83AD6D-0FDD-4ED1-B4E4-9BA81A3FF933}.Debug|ARM.ActiveCfg = Debug|iPhone
		{AA83AD6D-0FDD-4ED1-B4E4-9BA81A3FF933}.Debug|ARM.Build.0 = Debug|iPhone
		{AA83AD6D-0FDD-4ED1-B4E4-9BA81A3FF933}.Debug|ARM.Deploy.0 = Debug|iPhone
		{AA83AD6D-0FDD-4ED1-B4E4-9BA81A3FF933}.Debug|iPhone.ActiveCfg = Debug|iPhone
		{AA83AD6D-0FDD-4ED1-B4E4-9BA81A3FF933}.Debug|iPhone.Build.0 = Debug|iPhone
		{AA83AD6D-0FDD-4ED1-B4E4-9BA81A3FF933}.Debug|iPhone.Deploy.0 = Debug|iPhone
		{AA83AD6D-0FDD-4ED1-B4E4-9BA81A3FF933}.Debug|iPhoneSimulator.ActiveCfg = Debug|iPhoneSimulator
		{AA83AD6D-0FDD-4ED1-B4E4-9BA81A3FF933}.Debug|iPhoneSimulator.Build.0 = Debug|iPhoneSimulator
		{AA83AD6D-0FDD-4ED1-B4E4-9BA81A3FF933}.Debug|iPhoneSimulator.Deploy.0 = Debug|iPhoneSimulator
		{AA83AD6D-0FDD-4ED1-B4E4-9BA81A3FF933}.Debug|x64.ActiveCfg = Debug|iPhone
		{AA83AD6D-0FDD-4ED1-B4E4-9BA81A3FF933}.Debug|x64.Build.0 = Debug|iPhone
		{AA83AD6D-0FDD-4ED1-B4E4-9BA81A3FF933}.Debug|x64.Deploy.0 = Debug|iPhone
		{AA83AD6D-0FDD-4ED1-B4E4-9BA81A3FF933}.Debug|x86.ActiveCfg = Debug|iPhone
		{AA83AD6D-0FDD-4ED1-B4E4-9BA81A3FF933}.Debug|x86.Build.0 = Debug|iPhone
		{AA83AD6D-0FDD-4ED1-B4E4-9BA81A3FF933}.Debug|x86.Deploy.0 = Debug|iPhone
		{AA83AD6D-0FDD-4ED1-B4E4-9BA81A3FF933}.Release|Any CPU.ActiveCfg = Release|iPhone
		{AA83AD6D-0FDD-4ED1-B4E4-9BA81A3FF933}.Release|Any CPU.Build.0 = Release|iPhone
		{AA83AD6D-0FDD-4ED1-B4E4-9BA81A3FF933}.Release|Any CPU.Deploy.0 = Release|iPhone
		{AA83AD6D-0FDD-4ED1-B4E4-9BA81A3FF933}.Release|ARM.ActiveCfg = Release|iPhone
		{AA83AD6D-0FDD-4ED1-B4E4-9BA81A3FF933}.Release|ARM.Build.0 = Release|iPhone
		{AA83AD6D-0FDD-4ED1-B4E4-9BA81A3FF933}.Release|ARM.Deploy.0 = Release|iPhone
		{AA83AD6D-0FDD-4ED1-B4E4-9BA81A3FF933}.Release|iPhone.ActiveCfg = Release|iPhone
		{AA83AD6D-0FDD-4ED1-B4E4-9BA81A3FF933}.Release|iPhone.Build.0 = Release|iPhone
		{AA83AD6D-0FDD-4ED1-B4E4-9BA81A3FF933}.Release|iPhone.Deploy.0 = Release|iPhone
		{AA83AD6D-0FDD-4ED1-B4E4-9BA81A3FF933}.Release|iPhoneSimulator.ActiveCfg = Release|iPhoneSimulator
		{AA83AD6D-0FDD-4ED1-B4E4-9BA81A3FF933}.Release|iPhoneSimulator.Build.0 = Release|iPhoneSimulator
		{AA83AD6D-0FDD-4ED1-B4E4-9BA81A3FF933}.Release|iPhoneSimulator.Deploy.0 = Release|iPhoneSimulator
		{AA83AD6D-0FDD-4ED1-B4E4-9BA81A3FF933}.Release|x64.ActiveCfg = Release|iPhone
		{AA83AD6D-0FDD-4ED1-B4E4-9BA81A3FF933}.Release|x64.Build.0 = Release|iPhone
		{AA83AD6D-0FDD-4ED1-B4E4-9BA81A3FF933}.Release|x64.Deploy.0 = Release|iPhone
		{AA83AD6D-0FDD-4ED1-B4E4-9BA81A3FF933}.Release|x86.ActiveCfg = Release|iPhone
		{AA83AD6D-0FDD-4ED1-B4E4-9BA81A3FF933}.Release|x86.Build.0 = Release|iPhone
		{AA83AD6D-0FDD-4ED1-B4E4-9BA81A3FF933}.Release|x86.Deploy.0 = Release|iPhone
		{52554F39-8605-4F07-ABBE-E488E7D90B12}.Ad-Hoc|Any CPU.ActiveCfg = Release|x86
		{52554F39-8605-4F07-ABBE-E488E7D90B12}.Ad-Hoc|Any CPU.Build.0 = Release|x86
		{52554F39-8605-4F07-ABBE-E488E7D90B12}.Ad-Hoc|Any CPU.Deploy.0 = Release|x86
		{52554F39-8605-4F07-ABBE-E488E7D90B12}.Ad-Hoc|ARM.ActiveCfg = Release|ARM
		{52554F39-8605-4F07-ABBE-E488E7D90B12}.Ad-Hoc|ARM.Build.0 = Release|ARM
		{52554F39-8605-4F07-ABBE-E488E7D90B12}.Ad-Hoc|ARM.Deploy.0 = Release|ARM
		{52554F39-8605-4F07-ABBE-E488E7D90B12}.Ad-Hoc|iPhone.ActiveCfg = Release|x86
		{52554F39-8605-4F07-ABBE-E488E7D90B12}.Ad-Hoc|iPhone.Build.0 = Release|x86
		{52554F39-8605-4F07-ABBE-E488E7D90B12}.Ad-Hoc|iPhone.Deploy.0 = Release|x86
		{52554F39-8605-4F07-ABBE-E488E7D90B12}.Ad-Hoc|iPhoneSimulator.ActiveCfg = Release|x86
		{52554F39-8605-4F07-ABBE-E488E7D90B12}.Ad-Hoc|iPhoneSimulator.Build.0 = Release|x86
		{52554F39-8605-4F07-ABBE-E488E7D90B12}.Ad-Hoc|iPhoneSimulator.Deploy.0 = Release|x86
		{52554F39-8605-4F07-ABBE-E488E7D90B12}.Ad-Hoc|x64.ActiveCfg = Release|x64
		{52554F39-8605-4F07-ABBE-E488E7D90B12}.Ad-Hoc|x64.Build.0 = Release|x64
		{52554F39-8605-4F07-ABBE-E488E7D90B12}.Ad-Hoc|x64.Deploy.0 = Release|x64
		{52554F39-8605-4F07-ABBE-E488E7D90B12}.Ad-Hoc|x86.ActiveCfg = Release|x86
		{52554F39-8605-4F07-ABBE-E488E7D90B12}.Ad-Hoc|x86.Build.0 = Release|x86
		{52554F39-8605-4F07-ABBE-E488E7D90B12}.Ad-Hoc|x86.Deploy.0 = Release|x86
		{52554F39-8605-4F07-ABBE-E488E7D90B12}.AppStore|Any CPU.ActiveCfg = Release|x86
		{52554F39-8605-4F07-ABBE-E488E7D90B12}.AppStore|Any CPU.Build.0 = Release|x86
		{52554F39-8605-4F07-ABBE-E488E7D90B12}.AppStore|Any CPU.Deploy.0 = Release|x86
		{52554F39-8605-4F07-ABBE-E488E7D90B12}.AppStore|ARM.ActiveCfg = Release|ARM
		{52554F39-8605-4F07-ABBE-E488E7D90B12}.AppStore|ARM.Build.0 = Release|ARM
		{52554F39-8605-4F07-ABBE-E488E7D90B12}.AppStore|ARM.Deploy.0 = Release|ARM
		{52554F39-8605-4F07-ABBE-E488E7D90B12}.AppStore|iPhone.ActiveCfg = Release|x86
		{52554F39-8605-4F07-ABBE-E488E7D90B12}.AppStore|iPhone.Build.0 = Release|x86
		{52554F39-8605-4F07-ABBE-E488E7D90B12}.AppStore|iPhone.Deploy.0 = Release|x86
		{52554F39-8605-4F07-ABBE-E488E7D90B12}.AppStore|iPhoneSimulator.ActiveCfg = Release|x86
		{52554F39-8605-4F07-ABBE-E488E7D90B12}.AppStore|iPhoneSimulator.Build.0 = Release|x86
		{52554F39-8605-4F07-ABBE-E488E7D90B12}.AppStore|iPhoneSimulator.Deploy.0 = Release|x86
		{52554F39-8605-4F07-ABBE-E488E7D90B12}.AppStore|x64.ActiveCfg = Release|x64
		{52554F39-8605-4F07-ABBE-E488E7D90B12}.AppStore|x64.Build.0 = Release|x64
		{52554F39-8605-4F07-ABBE-E488E7D90B12}.AppStore|x64.Deploy.0 = Release|x64
		{52554F39-8605-4F07-ABBE-E488E7D90B12}.AppStore|x86.ActiveCfg = Release|x86
		{52554F39-8605-4F07-ABBE-E488E7D90B12}.AppStore|x86.Build.0 = Release|x86
		{52554F39-8605-4F07-ABBE-E488E7D90B12}.AppStore|x86.Deploy.0 = Release|x86
		{52554F39-8605-4F07-ABBE-E488E7D90B12}.Debug|Any CPU.ActiveCfg = Debug|x86
		{52554F39-8605-4F07-ABBE-E488E7D90B12}.Debug|Any CPU.Build.0 = Debug|x86
		{52554F39-8605-4F07-ABBE-E488E7D90B12}.Debug|Any CPU.Deploy.0 = Debug|x86
		{52554F39-8605-4F07-ABBE-E488E7D90B12}.Debug|ARM.ActiveCfg = Debug|ARM
		{52554F39-8605-4F07-ABBE-E488E7D90B12}.Debug|ARM.Build.0 = Debug|ARM
		{52554F39-8605-4F07-ABBE-E488E7D90B12}.Debug|ARM.Deploy.0 = Debug|ARM
		{52554F39-8605-4F07-ABBE-E488E7D90B12}.Debug|iPhone.ActiveCfg = Debug|x86
		{52554F39-8605-4F07-ABBE-E488E7D90B12}.Debug|iPhone.Build.0 = Debug|x86
		{52554F39-8605-4F07-ABBE-E488E7D90B12}.Debug|iPhone.Deploy.0 = Debug|x86
		{52554F39-8605-4F07-ABBE-E488E7D90B12}.Debug|iPhoneSimulator.ActiveCfg = Debug|x86
		{52554F39-8605-4F07-ABBE-E488E7D90B12}.Debug|iPhoneSimulator.Build.0 = Debug|x86
		{52554F39-8605-4F07-ABBE-E488E7D90B12}.Debug|iPhoneSimulator.Deploy.0 = Debug|x86
		{52554F39-8605-4F07-ABBE-E488E7D90B12}.Debug|x64.ActiveCfg = Debug|x64
		{52554F39-8605-4F07-ABBE-E488E7D90B12}.Debug|x64.Build.0 = Debug|x64
		{52554F39-8605-4F07-ABBE-E488E7D90B12}.Debug|x64.Deploy.0 = Debug|x64
		{52554F39-8605-4F07-ABBE-E488E7D90B12}.Debug|x86.ActiveCfg = Debug|x86
		{52554F39-8605-4F07-ABBE-E488E7D90B12}.Debug|x86.Build.0 = Debug|x86
		{52554F39-8605-4F07-ABBE-E488E7D90B12}.Debug|x86.Deploy.0 = Debug|x86
		{52554F39-8605-4F07-ABBE-E488E7D90B12}.Release|Any CPU.ActiveCfg = Release|x86
		{52554F39-8605-4F07-ABBE-E488E7D90B12}.Release|Any CPU.Build.0 = Release|x86
		{52554F39-8605-4F07-ABBE-E488E7D90B12}.Release|Any CPU.Deploy.0 = Release|x86
		{52554F39-8605-4F07-ABBE-E488E7D90B12}.Release|ARM.ActiveCfg = Release|ARM
		{52554F39-8605-4F07-ABBE-E488E7D90B12}.Release|ARM.Build.0 = Release|ARM
		{52554F39-8605-4F07-ABBE-E488E7D90B12}.Release|ARM.Deploy.0 = Release|ARM
		{52554F39-8605-4F07-ABBE-E488E7D90B12}.Release|iPhone.ActiveCfg = Release|x86
		{52554F39-8605-4F07-ABBE-E488E7D90B12}.Release|iPhone.Build.0 = Release|x86
		{52554F39-8605-4F07-ABBE-E488E7D90B12}.Release|iPhone.Deploy.0 = Release|x86
		{52554F39-8605-4F07-ABBE-E488E7D90B12}.Release|iPhoneSimulator.ActiveCfg = Release|x86
		{52554F39-8605-4F07-ABBE-E488E7D90B12}.Release|iPhoneSimulator.Build.0 = Release|x86
		{52554F39-8605-4F07-ABBE-E488E7D90B12}.Release|iPhoneSimulator.Deploy.0 = Release|x86
		{52554F39-8605-4F07-ABBE-E488E7D90B12}.Release|x64.ActiveCfg = Release|x64
		{52554F39-8605-4F07-ABBE-E488E7D90B12}.Release|x64.Build.0 = Release|x64
		{52554F39-8605-4F07-ABBE-E488E7D90B12}.Release|x64.Deploy.0 = Release|x64
		{52554F39-8605-4F07-ABBE-E488E7D90B12}.Release|x86.ActiveCfg = Release|x86
		{52554F39-8605-4F07-ABBE-E488E7D90B12}.Release|x86.Build.0 = Release|x86
		{52554F39-8605-4F07-ABBE-E488E7D90B12}.Release|x86.Deploy.0 = Release|x86
		{8E01728A-0F4B-421B-9476-5CB8C26B635C}.Ad-Hoc|Any CPU.ActiveCfg = Debug|Any CPU
		{8E01728A-0F4B-421B-9476-5CB8C26B635C}.Ad-Hoc|Any CPU.Build.0 = Debug|Any CPU
		{8E01728A-0F4B-421B-9476-5CB8C26B635C}.Ad-Hoc|Any CPU.Deploy.0 = Debug|Any CPU
		{8E01728A-0F4B-421B-9476-5CB8C26B635C}.Ad-Hoc|ARM.ActiveCfg = Debug|Any CPU
		{8E01728A-0F4B-421B-9476-5CB8C26B635C}.Ad-Hoc|ARM.Build.0 = Debug|Any CPU
		{8E01728A-0F4B-421B-9476-5CB8C26B635C}.Ad-Hoc|ARM.Deploy.0 = Debug|Any CPU
		{8E01728A-0F4B-421B-9476-5CB8C26B635C}.Ad-Hoc|iPhone.ActiveCfg = Debug|Any CPU
		{8E01728A-0F4B-421B-9476-5CB8C26B635C}.Ad-Hoc|iPhone.Build.0 = Debug|Any CPU
		{8E01728A-0F4B-421B-9476-5CB8C26B635C}.Ad-Hoc|iPhone.Deploy.0 = Debug|Any CPU
		{8E01728A-0F4B-421B-9476-5CB8C26B635C}.Ad-Hoc|iPhoneSimulator.ActiveCfg = Debug|Any CPU
		{8E01728A-0F4B-421B-9476-5CB8C26B635C}.Ad-Hoc|iPhoneSimulator.Build.0 = Debug|Any CPU
		{8E01728A-0F4B-421B-9476-5CB8C26B635C}.Ad-Hoc|iPhoneSimulator.Deploy.0 = Debug|Any CPU
		{8E01728A-0F4B-421B-9476-5CB8C26B635C}.Ad-Hoc|x64.ActiveCfg = Debug|Any CPU
		{8E01728A-0F4B-421B-9476-5CB8C26B635C}.Ad-Hoc|x64.Build.0 = Debug|Any CPU
		{8E01728A-0F4B-421B-9476-5CB8C26B635C}.Ad-Hoc|x64.Deploy.0 = Debug|Any CPU
		{8E01728A-0F4B-421B-9476-5CB8C26B635C}.Ad-Hoc|x86.ActiveCfg = Debug|Any CPU
		{8E01728A-0F4B-421B-9476-5CB8C26B635C}.Ad-Hoc|x86.Build.0 = Debug|Any CPU
		{8E01728A-0F4B-421B-9476-5CB8C26B635C}.Ad-Hoc|x86.Deploy.0 = Debug|Any CPU
		{8E01728A-0F4B-421B-9476-5CB8C26B635C}.AppStore|Any CPU.ActiveCfg = Debug|Any CPU
		{8E01728A-0F4B-421B-9476-5CB8C26B635C}.AppStore|Any CPU.Build.0 = Debug|Any CPU
		{8E01728A-0F4B-421B-9476-5CB8C26B635C}.AppStore|Any CPU.Deploy.0 = Debug|Any CPU
		{8E01728A-0F4B-421B-9476-5CB8C26B635C}.AppStore|ARM.ActiveCfg = Debug|Any CPU
		{8E01728A-0F4B-421B-9476-5CB8C26B635C}.AppStore|ARM.Build.0 = Debug|Any CPU
		{8E01728A-0F4B-421B-9476-5CB8C26B635C}.AppStore|ARM.Deploy.0 = Debug|Any CPU
		{8E01728A-0F4B-421B-9476-5CB8C26B635C}.AppStore|iPhone.ActiveCfg = Debug|Any CPU
		{8E01728A-0F4B-421B-9476-5CB8C26B635C}.AppStore|iPhone.Build.0 = Debug|Any CPU
		{8E01728A-0F4B-421B-9476-5CB8C26B635C}.AppStore|iPhone.Deploy.0 = Debug|Any CPU
		{8E01728A-0F4B-421B-9476-5CB8C26B635C}.AppStore|iPhoneSimulator.ActiveCfg = Debug|Any CPU
		{8E01728A-0F4B-421B-9476-5CB8C26B635C}.AppStore|iPhoneSimulator.Build.0 = Debug|Any CPU
		{8E01728A-0F4B-421B-9476-5CB8C26B635C}.AppStore|iPhoneSimulator.Deploy.0 = Debug|Any CPU
		{8E01728A-0F4B-421B-9476-5CB8C26B635C}.AppStore|x64.ActiveCfg = Debug|Any CPU
		{8E01728A-0F4B-421B-9476-5CB8C26B635C}.AppStore|x64.Build.0 = Debug|Any CPU
		{8E01728A-0F4B-421B-9476-5CB8C26B635C}.AppStore|x64.Deploy.0 = Debug|Any CPU
		{8E01728A-0F4B-421B-9476-5CB8C26B635C}.AppStore|x86.ActiveCfg = Debug|Any CPU
		{8E01728A-0F4B-421B-9476-5CB8C26B635C}.AppStore|x86.Build.0 = Debug|Any CPU
		{8E01728A-0F4B-421B-9476-5CB8C26B635C}.AppStore|x86.Deploy.0 = Debug|Any CPU
		{8E01728A-0F4B-421B-9476-5CB8C26B635C}.Debug|Any CPU.ActiveCfg = Debug|Any CPU
		{8E01728A-0F4B-421B-9476-5CB8C26B635C}.Debug|Any CPU.Build.0 = Debug|Any CPU
		{8E01728A-0F4B-421B-9476-5CB8C26B635C}.Debug|Any CPU.Deploy.0 = Debug|Any CPU
		{8E01728A-0F4B-421B-9476-5CB8C26B635C}.Debug|ARM.ActiveCfg = Debug|Any CPU
		{8E01728A-0F4B-421B-9476-5CB8C26B635C}.Debug|ARM.Build.0 = Debug|Any CPU
		{8E01728A-0F4B-421B-9476-5CB8C26B635C}.Debug|ARM.Deploy.0 = Debug|Any CPU
		{8E01728A-0F4B-421B-9476-5CB8C26B635C}.Debug|iPhone.ActiveCfg = Debug|Any CPU
		{8E01728A-0F4B-421B-9476-5CB8C26B635C}.Debug|iPhone.Build.0 = Debug|Any CPU
		{8E01728A-0F4B-421B-9476-5CB8C26B635C}.Debug|iPhone.Deploy.0 = Debug|Any CPU
		{8E01728A-0F4B-421B-9476-5CB8C26B635C}.Debug|iPhoneSimulator.ActiveCfg = Debug|Any CPU
		{8E01728A-0F4B-421B-9476-5CB8C26B635C}.Debug|iPhoneSimulator.Build.0 = Debug|Any CPU
		{8E01728A-0F4B-421B-9476-5CB8C26B635C}.Debug|iPhoneSimulator.Deploy.0 = Debug|Any CPU
		{8E01728A-0F4B-421B-9476-5CB8C26B635C}.Debug|x64.ActiveCfg = Debug|Any CPU
		{8E01728A-0F4B-421B-9476-5CB8C26B635C}.Debug|x64.Build.0 = Debug|Any CPU
		{8E01728A-0F4B-421B-9476-5CB8C26B635C}.Debug|x64.Deploy.0 = Debug|Any CPU
		{8E01728A-0F4B-421B-9476-5CB8C26B635C}.Debug|x86.ActiveCfg = Debug|Any CPU
		{8E01728A-0F4B-421B-9476-5CB8C26B635C}.Debug|x86.Build.0 = Debug|Any CPU
		{8E01728A-0F4B-421B-9476-5CB8C26B635C}.Debug|x86.Deploy.0 = Debug|Any CPU
		{8E01728A-0F4B-421B-9476-5CB8C26B635C}.Release|Any CPU.ActiveCfg = Release|Any CPU
		{8E01728A-0F4B-421B-9476-5CB8C26B635C}.Release|Any CPU.Build.0 = Release|Any CPU
		{8E01728A-0F4B-421B-9476-5CB8C26B635C}.Release|Any CPU.Deploy.0 = Release|Any CPU
		{8E01728A-0F4B-421B-9476-5CB8C26B635C}.Release|ARM.ActiveCfg = Release|Any CPU
		{8E01728A-0F4B-421B-9476-5CB8C26B635C}.Release|ARM.Build.0 = Release|Any CPU
		{8E01728A-0F4B-421B-9476-5CB8C26B635C}.Release|ARM.Deploy.0 = Release|Any CPU
		{8E01728A-0F4B-421B-9476-5CB8C26B635C}.Release|iPhone.ActiveCfg = Release|Any CPU
		{8E01728A-0F4B-421B-9476-5CB8C26B635C}.Release|iPhone.Build.0 = Release|Any CPU
		{8E01728A-0F4B-421B-9476-5CB8C26B635C}.Release|iPhone.Deploy.0 = Release|Any CPU
		{8E01728A-0F4B-421B-9476-5CB8C26B635C}.Release|iPhoneSimulator.ActiveCfg = Release|Any CPU
		{8E01728A-0F4B-421B-9476-5CB8C26B635C}.Release|iPhoneSimulator.Build.0 = Release|Any CPU
		{8E01728A-0F4B-421B-9476-5CB8C26B635C}.Release|iPhoneSimulator.Deploy.0 = Release|Any CPU
		{8E01728A-0F4B-421B-9476-5CB8C26B635C}.Release|x64.ActiveCfg = Release|Any CPU
		{8E01728A-0F4B-421B-9476-5CB8C26B635C}.Release|x64.Build.0 = Release|Any CPU
		{8E01728A-0F4B-421B-9476-5CB8C26B635C}.Release|x64.Deploy.0 = Release|Any CPU
		{8E01728A-0F4B-421B-9476-5CB8C26B635C}.Release|x86.ActiveCfg = Release|Any CPU
		{8E01728A-0F4B-421B-9476-5CB8C26B635C}.Release|x86.Build.0 = Release|Any CPU
		{8E01728A-0F4B-421B-9476-5CB8C26B635C}.Release|x86.Deploy.0 = Release|Any CPU
		{58B5F8BD-7B3C-457D-9826-6C76D25C4F02}.Ad-Hoc|Any CPU.ActiveCfg = Release|Any CPU
		{58B5F8BD-7B3C-457D-9826-6C76D25C4F02}.Ad-Hoc|Any CPU.Build.0 = Release|Any CPU
		{58B5F8BD-7B3C-457D-9826-6C76D25C4F02}.Ad-Hoc|ARM.ActiveCfg = Release|Any CPU
		{58B5F8BD-7B3C-457D-9826-6C76D25C4F02}.Ad-Hoc|ARM.Build.0 = Release|Any CPU
		{58B5F8BD-7B3C-457D-9826-6C76D25C4F02}.Ad-Hoc|iPhone.ActiveCfg = Release|Any CPU
		{58B5F8BD-7B3C-457D-9826-6C76D25C4F02}.Ad-Hoc|iPhone.Build.0 = Release|Any CPU
		{58B5F8BD-7B3C-457D-9826-6C76D25C4F02}.Ad-Hoc|iPhoneSimulator.ActiveCfg = Release|Any CPU
		{58B5F8BD-7B3C-457D-9826-6C76D25C4F02}.Ad-Hoc|iPhoneSimulator.Build.0 = Release|Any CPU
		{58B5F8BD-7B3C-457D-9826-6C76D25C4F02}.Ad-Hoc|x64.ActiveCfg = Release|Any CPU
		{58B5F8BD-7B3C-457D-9826-6C76D25C4F02}.Ad-Hoc|x64.Build.0 = Release|Any CPU
		{58B5F8BD-7B3C-457D-9826-6C76D25C4F02}.Ad-Hoc|x86.ActiveCfg = Release|Any CPU
		{58B5F8BD-7B3C-457D-9826-6C76D25C4F02}.Ad-Hoc|x86.Build.0 = Release|Any CPU
		{58B5F8BD-7B3C-457D-9826-6C76D25C4F02}.AppStore|Any CPU.ActiveCfg = Release|Any CPU
		{58B5F8BD-7B3C-457D-9826-6C76D25C4F02}.AppStore|Any CPU.Build.0 = Release|Any CPU
		{58B5F8BD-7B3C-457D-9826-6C76D25C4F02}.AppStore|ARM.ActiveCfg = Release|Any CPU
		{58B5F8BD-7B3C-457D-9826-6C76D25C4F02}.AppStore|ARM.Build.0 = Release|Any CPU
		{58B5F8BD-7B3C-457D-9826-6C76D25C4F02}.AppStore|iPhone.ActiveCfg = Release|Any CPU
		{58B5F8BD-7B3C-457D-9826-6C76D25C4F02}.AppStore|iPhone.Build.0 = Release|Any CPU
		{58B5F8BD-7B3C-457D-9826-6C76D25C4F02}.AppStore|iPhoneSimulator.ActiveCfg = Release|Any CPU
		{58B5F8BD-7B3C-457D-9826-6C76D25C4F02}.AppStore|iPhoneSimulator.Build.0 = Release|Any CPU
		{58B5F8BD-7B3C-457D-9826-6C76D25C4F02}.AppStore|x64.ActiveCfg = Release|Any CPU
		{58B5F8BD-7B3C-457D-9826-6C76D25C4F02}.AppStore|x64.Build.0 = Release|Any CPU
		{58B5F8BD-7B3C-457D-9826-6C76D25C4F02}.AppStore|x86.ActiveCfg = Release|Any CPU
		{58B5F8BD-7B3C-457D-9826-6C76D25C4F02}.AppStore|x86.Build.0 = Release|Any CPU
		{58B5F8BD-7B3C-457D-9826-6C76D25C4F02}.Debug|Any CPU.ActiveCfg = Debug|Any CPU
		{58B5F8BD-7B3C-457D-9826-6C76D25C4F02}.Debug|Any CPU.Build.0 = Debug|Any CPU
		{58B5F8BD-7B3C-457D-9826-6C76D25C4F02}.Debug|ARM.ActiveCfg = Debug|Any CPU
		{58B5F8BD-7B3C-457D-9826-6C76D25C4F02}.Debug|ARM.Build.0 = Debug|Any CPU
		{58B5F8BD-7B3C-457D-9826-6C76D25C4F02}.Debug|iPhone.ActiveCfg = Debug|Any CPU
		{58B5F8BD-7B3C-457D-9826-6C76D25C4F02}.Debug|iPhone.Build.0 = Debug|Any CPU
		{58B5F8BD-7B3C-457D-9826-6C76D25C4F02}.Debug|iPhoneSimulator.ActiveCfg = Debug|Any CPU
		{58B5F8BD-7B3C-457D-9826-6C76D25C4F02}.Debug|iPhoneSimulator.Build.0 = Debug|Any CPU
		{58B5F8BD-7B3C-457D-9826-6C76D25C4F02}.Debug|x64.ActiveCfg = Debug|Any CPU
		{58B5F8BD-7B3C-457D-9826-6C76D25C4F02}.Debug|x64.Build.0 = Debug|Any CPU
		{58B5F8BD-7B3C-457D-9826-6C76D25C4F02}.Debug|x86.ActiveCfg = Debug|Any CPU
		{58B5F8BD-7B3C-457D-9826-6C76D25C4F02}.Debug|x86.Build.0 = Debug|Any CPU
		{58B5F8BD-7B3C-457D-9826-6C76D25C4F02}.Release|Any CPU.ActiveCfg = Release|Any CPU
		{58B5F8BD-7B3C-457D-9826-6C76D25C4F02}.Release|Any CPU.Build.0 = Release|Any CPU
		{58B5F8BD-7B3C-457D-9826-6C76D25C4F02}.Release|ARM.ActiveCfg = Release|Any CPU
		{58B5F8BD-7B3C-457D-9826-6C76D25C4F02}.Release|ARM.Build.0 = Release|Any CPU
		{58B5F8BD-7B3C-457D-9826-6C76D25C4F02}.Release|iPhone.ActiveCfg = Release|Any CPU
		{58B5F8BD-7B3C-457D-9826-6C76D25C4F02}.Release|iPhone.Build.0 = Release|Any CPU
		{58B5F8BD-7B3C-457D-9826-6C76D25C4F02}.Release|iPhoneSimulator.ActiveCfg = Release|Any CPU
		{58B5F8BD-7B3C-457D-9826-6C76D25C4F02}.Release|iPhoneSimulator.Build.0 = Release|Any CPU
		{58B5F8BD-7B3C-457D-9826-6C76D25C4F02}.Release|x64.ActiveCfg = Release|Any CPU
		{58B5F8BD-7B3C-457D-9826-6C76D25C4F02}.Release|x64.Build.0 = Release|Any CPU
		{58B5F8BD-7B3C-457D-9826-6C76D25C4F02}.Release|x86.ActiveCfg = Release|Any CPU
		{58B5F8BD-7B3C-457D-9826-6C76D25C4F02}.Release|x86.Build.0 = Release|Any CPU
		{82EFA657-2EAB-4C99-BA8C-B33E74AE23A1}.Ad-Hoc|Any CPU.ActiveCfg = Release|Any CPU
		{82EFA657-2EAB-4C99-BA8C-B33E74AE23A1}.Ad-Hoc|Any CPU.Build.0 = Release|Any CPU
		{82EFA657-2EAB-4C99-BA8C-B33E74AE23A1}.Ad-Hoc|ARM.ActiveCfg = Release|Any CPU
		{82EFA657-2EAB-4C99-BA8C-B33E74AE23A1}.Ad-Hoc|ARM.Build.0 = Release|Any CPU
		{82EFA657-2EAB-4C99-BA8C-B33E74AE23A1}.Ad-Hoc|iPhone.ActiveCfg = Release|Any CPU
		{82EFA657-2EAB-4C99-BA8C-B33E74AE23A1}.Ad-Hoc|iPhone.Build.0 = Release|Any CPU
		{82EFA657-2EAB-4C99-BA8C-B33E74AE23A1}.Ad-Hoc|iPhoneSimulator.ActiveCfg = Release|Any CPU
		{82EFA657-2EAB-4C99-BA8C-B33E74AE23A1}.Ad-Hoc|iPhoneSimulator.Build.0 = Release|Any CPU
		{82EFA657-2EAB-4C99-BA8C-B33E74AE23A1}.Ad-Hoc|x64.ActiveCfg = Release|Any CPU
		{82EFA657-2EAB-4C99-BA8C-B33E74AE23A1}.Ad-Hoc|x64.Build.0 = Release|Any CPU
		{82EFA657-2EAB-4C99-BA8C-B33E74AE23A1}.Ad-Hoc|x86.ActiveCfg = Release|Any CPU
		{82EFA657-2EAB-4C99-BA8C-B33E74AE23A1}.Ad-Hoc|x86.Build.0 = Release|Any CPU
		{82EFA657-2EAB-4C99-BA8C-B33E74AE23A1}.AppStore|Any CPU.ActiveCfg = Release|Any CPU
		{82EFA657-2EAB-4C99-BA8C-B33E74AE23A1}.AppStore|Any CPU.Build.0 = Release|Any CPU
		{82EFA657-2EAB-4C99-BA8C-B33E74AE23A1}.AppStore|ARM.ActiveCfg = Release|Any CPU
		{82EFA657-2EAB-4C99-BA8C-B33E74AE23A1}.AppStore|ARM.Build.0 = Release|Any CPU
		{82EFA657-2EAB-4C99-BA8C-B33E74AE23A1}.AppStore|iPhone.ActiveCfg = Release|Any CPU
		{82EFA657-2EAB-4C99-BA8C-B33E74AE23A1}.AppStore|iPhone.Build.0 = Release|Any CPU
		{82EFA657-2EAB-4C99-BA8C-B33E74AE23A1}.AppStore|iPhoneSimulator.ActiveCfg = Release|Any CPU
		{82EFA657-2EAB-4C99-BA8C-B33E74AE23A1}.AppStore|iPhoneSimulator.Build.0 = Release|Any CPU
		{82EFA657-2EAB-4C99-BA8C-B33E74AE23A1}.AppStore|x64.ActiveCfg = Release|Any CPU
		{82EFA657-2EAB-4C99-BA8C-B33E74AE23A1}.AppStore|x64.Build.0 = Release|Any CPU
		{82EFA657-2EAB-4C99-BA8C-B33E74AE23A1}.AppStore|x86.ActiveCfg = Release|Any CPU
		{82EFA657-2EAB-4C99-BA8C-B33E74AE23A1}.AppStore|x86.Build.0 = Release|Any CPU
		{82EFA657-2EAB-4C99-BA8C-B33E74AE23A1}.Debug|Any CPU.ActiveCfg = Debug|Any CPU
		{82EFA657-2EAB-4C99-BA8C-B33E74AE23A1}.Debug|Any CPU.Build.0 = Debug|Any CPU
		{82EFA657-2EAB-4C99-BA8C-B33E74AE23A1}.Debug|ARM.ActiveCfg = Debug|Any CPU
		{82EFA657-2EAB-4C99-BA8C-B33E74AE23A1}.Debug|ARM.Build.0 = Debug|Any CPU
		{82EFA657-2EAB-4C99-BA8C-B33E74AE23A1}.Debug|iPhone.ActiveCfg = Debug|Any CPU
		{82EFA657-2EAB-4C99-BA8C-B33E74AE23A1}.Debug|iPhone.Build.0 = Debug|Any CPU
		{82EFA657-2EAB-4C99-BA8C-B33E74AE23A1}.Debug|iPhoneSimulator.ActiveCfg = Debug|Any CPU
		{82EFA657-2EAB-4C99-BA8C-B33E74AE23A1}.Debug|iPhoneSimulator.Build.0 = Debug|Any CPU
		{82EFA657-2EAB-4C99-BA8C-B33E74AE23A1}.Debug|x64.ActiveCfg = Debug|Any CPU
		{82EFA657-2EAB-4C99-BA8C-B33E74AE23A1}.Debug|x64.Build.0 = Debug|Any CPU
		{82EFA657-2EAB-4C99-BA8C-B33E74AE23A1}.Debug|x86.ActiveCfg = Debug|Any CPU
		{82EFA657-2EAB-4C99-BA8C-B33E74AE23A1}.Debug|x86.Build.0 = Debug|Any CPU
		{82EFA657-2EAB-4C99-BA8C-B33E74AE23A1}.Release|Any CPU.ActiveCfg = Release|Any CPU
		{82EFA657-2EAB-4C99-BA8C-B33E74AE23A1}.Release|Any CPU.Build.0 = Release|Any CPU
		{82EFA657-2EAB-4C99-BA8C-B33E74AE23A1}.Release|ARM.ActiveCfg = Release|Any CPU
		{82EFA657-2EAB-4C99-BA8C-B33E74AE23A1}.Release|ARM.Build.0 = Release|Any CPU
		{82EFA657-2EAB-4C99-BA8C-B33E74AE23A1}.Release|iPhone.ActiveCfg = Release|Any CPU
		{82EFA657-2EAB-4C99-BA8C-B33E74AE23A1}.Release|iPhone.Build.0 = Release|Any CPU
		{82EFA657-2EAB-4C99-BA8C-B33E74AE23A1}.Release|iPhoneSimulator.ActiveCfg = Release|Any CPU
		{82EFA657-2EAB-4C99-BA8C-B33E74AE23A1}.Release|iPhoneSimulator.Build.0 = Release|Any CPU
		{82EFA657-2EAB-4C99-BA8C-B33E74AE23A1}.Release|x64.ActiveCfg = Release|Any CPU
		{82EFA657-2EAB-4C99-BA8C-B33E74AE23A1}.Release|x64.Build.0 = Release|Any CPU
		{82EFA657-2EAB-4C99-BA8C-B33E74AE23A1}.Release|x86.ActiveCfg = Release|Any CPU
		{82EFA657-2EAB-4C99-BA8C-B33E74AE23A1}.Release|x86.Build.0 = Release|Any CPU
		{249EE444-4D22-4CBF-ADF9-C20843F79596}.Ad-Hoc|Any CPU.ActiveCfg = Release|Any CPU
		{249EE444-4D22-4CBF-ADF9-C20843F79596}.Ad-Hoc|Any CPU.Build.0 = Release|Any CPU
		{249EE444-4D22-4CBF-ADF9-C20843F79596}.Ad-Hoc|ARM.ActiveCfg = Release|Any CPU
		{249EE444-4D22-4CBF-ADF9-C20843F79596}.Ad-Hoc|ARM.Build.0 = Release|Any CPU
		{249EE444-4D22-4CBF-ADF9-C20843F79596}.Ad-Hoc|iPhone.ActiveCfg = Release|Any CPU
		{249EE444-4D22-4CBF-ADF9-C20843F79596}.Ad-Hoc|iPhone.Build.0 = Release|Any CPU
		{249EE444-4D22-4CBF-ADF9-C20843F79596}.Ad-Hoc|iPhoneSimulator.ActiveCfg = Release|Any CPU
		{249EE444-4D22-4CBF-ADF9-C20843F79596}.Ad-Hoc|iPhoneSimulator.Build.0 = Release|Any CPU
		{249EE444-4D22-4CBF-ADF9-C20843F79596}.Ad-Hoc|x64.ActiveCfg = Release|Any CPU
		{249EE444-4D22-4CBF-ADF9-C20843F79596}.Ad-Hoc|x64.Build.0 = Release|Any CPU
		{249EE444-4D22-4CBF-ADF9-C20843F79596}.Ad-Hoc|x86.ActiveCfg = Release|Any CPU
		{249EE444-4D22-4CBF-ADF9-C20843F79596}.Ad-Hoc|x86.Build.0 = Release|Any CPU
		{249EE444-4D22-4CBF-ADF9-C20843F79596}.AppStore|Any CPU.ActiveCfg = Release|Any CPU
		{249EE444-4D22-4CBF-ADF9-C20843F79596}.AppStore|Any CPU.Build.0 = Release|Any CPU
		{249EE444-4D22-4CBF-ADF9-C20843F79596}.AppStore|ARM.ActiveCfg = Release|Any CPU
		{249EE444-4D22-4CBF-ADF9-C20843F79596}.AppStore|ARM.Build.0 = Release|Any CPU
		{249EE444-4D22-4CBF-ADF9-C20843F79596}.AppStore|iPhone.ActiveCfg = Release|Any CPU
		{249EE444-4D22-4CBF-ADF9-C20843F79596}.AppStore|iPhone.Build.0 = Release|Any CPU
		{249EE444-4D22-4CBF-ADF9-C20843F79596}.AppStore|iPhoneSimulator.ActiveCfg = Release|Any CPU
		{249EE444-4D22-4CBF-ADF9-C20843F79596}.AppStore|iPhoneSimulator.Build.0 = Release|Any CPU
		{249EE444-4D22-4CBF-ADF9-C20843F79596}.AppStore|x64.ActiveCfg = Release|Any CPU
		{249EE444-4D22-4CBF-ADF9-C20843F79596}.AppStore|x64.Build.0 = Release|Any CPU
		{249EE444-4D22-4CBF-ADF9-C20843F79596}.AppStore|x86.ActiveCfg = Release|Any CPU
		{249EE444-4D22-4CBF-ADF9-C20843F79596}.AppStore|x86.Build.0 = Release|Any CPU
		{249EE444-4D22-4CBF-ADF9-C20843F79596}.Debug|Any CPU.ActiveCfg = Debug|Any CPU
		{249EE444-4D22-4CBF-ADF9-C20843F79596}.Debug|Any CPU.Build.0 = Debug|Any CPU
		{249EE444-4D22-4CBF-ADF9-C20843F79596}.Debug|ARM.ActiveCfg = Debug|Any CPU
		{249EE444-4D22-4CBF-ADF9-C20843F79596}.Debug|ARM.Build.0 = Debug|Any CPU
		{249EE444-4D22-4CBF-ADF9-C20843F79596}.Debug|iPhone.ActiveCfg = Debug|Any CPU
		{249EE444-4D22-4CBF-ADF9-C20843F79596}.Debug|iPhone.Build.0 = Debug|Any CPU
		{249EE444-4D22-4CBF-ADF9-C20843F79596}.Debug|iPhoneSimulator.ActiveCfg = Debug|Any CPU
		{249EE444-4D22-4CBF-ADF9-C20843F79596}.Debug|iPhoneSimulator.Build.0 = Debug|Any CPU
		{249EE444-4D22-4CBF-ADF9-C20843F79596}.Debug|x64.ActiveCfg = Debug|Any CPU
		{249EE444-4D22-4CBF-ADF9-C20843F79596}.Debug|x64.Build.0 = Debug|Any CPU
		{249EE444-4D22-4CBF-ADF9-C20843F79596}.Debug|x86.ActiveCfg = Debug|Any CPU
		{249EE444-4D22-4CBF-ADF9-C20843F79596}.Debug|x86.Build.0 = Debug|Any CPU
		{249EE444-4D22-4CBF-ADF9-C20843F79596}.Release|Any CPU.ActiveCfg = Release|Any CPU
		{249EE444-4D22-4CBF-ADF9-C20843F79596}.Release|Any CPU.Build.0 = Release|Any CPU
		{249EE444-4D22-4CBF-ADF9-C20843F79596}.Release|ARM.ActiveCfg = Release|Any CPU
		{249EE444-4D22-4CBF-ADF9-C20843F79596}.Release|ARM.Build.0 = Release|Any CPU
		{249EE444-4D22-4CBF-ADF9-C20843F79596}.Release|iPhone.ActiveCfg = Release|Any CPU
		{249EE444-4D22-4CBF-ADF9-C20843F79596}.Release|iPhone.Build.0 = Release|Any CPU
		{249EE444-4D22-4CBF-ADF9-C20843F79596}.Release|iPhoneSimulator.ActiveCfg = Release|Any CPU
		{249EE444-4D22-4CBF-ADF9-C20843F79596}.Release|iPhoneSimulator.Build.0 = Release|Any CPU
		{249EE444-4D22-4CBF-ADF9-C20843F79596}.Release|x64.ActiveCfg = Release|Any CPU
		{249EE444-4D22-4CBF-ADF9-C20843F79596}.Release|x64.Build.0 = Release|Any CPU
		{249EE444-4D22-4CBF-ADF9-C20843F79596}.Release|x86.ActiveCfg = Release|Any CPU
		{249EE444-4D22-4CBF-ADF9-C20843F79596}.Release|x86.Build.0 = Release|Any CPU
		{5E613A5E-A208-4C2A-9944-DBA31ECFA0DA}.Ad-Hoc|Any CPU.ActiveCfg = Release|Any CPU
		{5E613A5E-A208-4C2A-9944-DBA31ECFA0DA}.Ad-Hoc|Any CPU.Build.0 = Release|Any CPU
		{5E613A5E-A208-4C2A-9944-DBA31ECFA0DA}.Ad-Hoc|ARM.ActiveCfg = Release|Any CPU
		{5E613A5E-A208-4C2A-9944-DBA31ECFA0DA}.Ad-Hoc|ARM.Build.0 = Release|Any CPU
		{5E613A5E-A208-4C2A-9944-DBA31ECFA0DA}.Ad-Hoc|iPhone.ActiveCfg = Release|Any CPU
		{5E613A5E-A208-4C2A-9944-DBA31ECFA0DA}.Ad-Hoc|iPhone.Build.0 = Release|Any CPU
		{5E613A5E-A208-4C2A-9944-DBA31ECFA0DA}.Ad-Hoc|iPhoneSimulator.ActiveCfg = Release|Any CPU
		{5E613A5E-A208-4C2A-9944-DBA31ECFA0DA}.Ad-Hoc|iPhoneSimulator.Build.0 = Release|Any CPU
		{5E613A5E-A208-4C2A-9944-DBA31ECFA0DA}.Ad-Hoc|x64.ActiveCfg = Release|Any CPU
		{5E613A5E-A208-4C2A-9944-DBA31ECFA0DA}.Ad-Hoc|x64.Build.0 = Release|Any CPU
		{5E613A5E-A208-4C2A-9944-DBA31ECFA0DA}.Ad-Hoc|x86.ActiveCfg = Release|Any CPU
		{5E613A5E-A208-4C2A-9944-DBA31ECFA0DA}.Ad-Hoc|x86.Build.0 = Release|Any CPU
		{5E613A5E-A208-4C2A-9944-DBA31ECFA0DA}.AppStore|Any CPU.ActiveCfg = Release|Any CPU
		{5E613A5E-A208-4C2A-9944-DBA31ECFA0DA}.AppStore|Any CPU.Build.0 = Release|Any CPU
		{5E613A5E-A208-4C2A-9944-DBA31ECFA0DA}.AppStore|ARM.ActiveCfg = Release|Any CPU
		{5E613A5E-A208-4C2A-9944-DBA31ECFA0DA}.AppStore|ARM.Build.0 = Release|Any CPU
		{5E613A5E-A208-4C2A-9944-DBA31ECFA0DA}.AppStore|iPhone.ActiveCfg = Release|Any CPU
		{5E613A5E-A208-4C2A-9944-DBA31ECFA0DA}.AppStore|iPhone.Build.0 = Release|Any CPU
		{5E613A5E-A208-4C2A-9944-DBA31ECFA0DA}.AppStore|iPhoneSimulator.ActiveCfg = Release|Any CPU
		{5E613A5E-A208-4C2A-9944-DBA31ECFA0DA}.AppStore|iPhoneSimulator.Build.0 = Release|Any CPU
		{5E613A5E-A208-4C2A-9944-DBA31ECFA0DA}.AppStore|x64.ActiveCfg = Release|Any CPU
		{5E613A5E-A208-4C2A-9944-DBA31ECFA0DA}.AppStore|x64.Build.0 = Release|Any CPU
		{5E613A5E-A208-4C2A-9944-DBA31ECFA0DA}.AppStore|x86.ActiveCfg = Release|Any CPU
		{5E613A5E-A208-4C2A-9944-DBA31ECFA0DA}.AppStore|x86.Build.0 = Release|Any CPU
		{5E613A5E-A208-4C2A-9944-DBA31ECFA0DA}.Debug|Any CPU.ActiveCfg = Debug|Any CPU
		{5E613A5E-A208-4C2A-9944-DBA31ECFA0DA}.Debug|Any CPU.Build.0 = Debug|Any CPU
		{5E613A5E-A208-4C2A-9944-DBA31ECFA0DA}.Debug|ARM.ActiveCfg = Debug|Any CPU
		{5E613A5E-A208-4C2A-9944-DBA31ECFA0DA}.Debug|ARM.Build.0 = Debug|Any CPU
		{5E613A5E-A208-4C2A-9944-DBA31ECFA0DA}.Debug|iPhone.ActiveCfg = Debug|Any CPU
		{5E613A5E-A208-4C2A-9944-DBA31ECFA0DA}.Debug|iPhone.Build.0 = Debug|Any CPU
		{5E613A5E-A208-4C2A-9944-DBA31ECFA0DA}.Debug|iPhoneSimulator.ActiveCfg = Debug|Any CPU
		{5E613A5E-A208-4C2A-9944-DBA31ECFA0DA}.Debug|iPhoneSimulator.Build.0 = Debug|Any CPU
		{5E613A5E-A208-4C2A-9944-DBA31ECFA0DA}.Debug|x64.ActiveCfg = Debug|Any CPU
		{5E613A5E-A208-4C2A-9944-DBA31ECFA0DA}.Debug|x64.Build.0 = Debug|Any CPU
		{5E613A5E-A208-4C2A-9944-DBA31ECFA0DA}.Debug|x86.ActiveCfg = Debug|Any CPU
		{5E613A5E-A208-4C2A-9944-DBA31ECFA0DA}.Debug|x86.Build.0 = Debug|Any CPU
		{5E613A5E-A208-4C2A-9944-DBA31ECFA0DA}.Release|Any CPU.ActiveCfg = Release|Any CPU
		{5E613A5E-A208-4C2A-9944-DBA31ECFA0DA}.Release|Any CPU.Build.0 = Release|Any CPU
		{5E613A5E-A208-4C2A-9944-DBA31ECFA0DA}.Release|ARM.ActiveCfg = Release|Any CPU
		{5E613A5E-A208-4C2A-9944-DBA31ECFA0DA}.Release|ARM.Build.0 = Release|Any CPU
		{5E613A5E-A208-4C2A-9944-DBA31ECFA0DA}.Release|iPhone.ActiveCfg = Release|Any CPU
		{5E613A5E-A208-4C2A-9944-DBA31ECFA0DA}.Release|iPhone.Build.0 = Release|Any CPU
		{5E613A5E-A208-4C2A-9944-DBA31ECFA0DA}.Release|iPhoneSimulator.ActiveCfg = Release|Any CPU
		{5E613A5E-A208-4C2A-9944-DBA31ECFA0DA}.Release|iPhoneSimulator.Build.0 = Release|Any CPU
		{5E613A5E-A208-4C2A-9944-DBA31ECFA0DA}.Release|x64.ActiveCfg = Release|Any CPU
		{5E613A5E-A208-4C2A-9944-DBA31ECFA0DA}.Release|x64.Build.0 = Release|Any CPU
		{5E613A5E-A208-4C2A-9944-DBA31ECFA0DA}.Release|x86.ActiveCfg = Release|Any CPU
		{5E613A5E-A208-4C2A-9944-DBA31ECFA0DA}.Release|x86.Build.0 = Release|Any CPU
	EndGlobalSection
	GlobalSection(SolutionProperties) = preSolution
		HideSolutionNode = FALSE
	EndGlobalSection
	GlobalSection(ExtensibilityGlobals) = postSolution
		SolutionGuid = {57E2B54F-BDA7-4713-96F1-EAF9726C4460}
	EndGlobalSection
EndGlobal
